{
  "name": "node-js",
  "version": "1.0.0",
  "lockfileVersion": 2,
  "requires": true,
  "packages": {
    "": {
      "name": "node-js",
      "version": "1.0.0",
      "license": "ISC",
      "dependencies": {
        "boostrap": "^2.0.0",
        "git": "^0.1.5",
        "lodash": "^4.17.21"
      }
    },
    "node_modules/boostrap": {
      "version": "2.0.0",
      "resolved": "https://registry.npmjs.org/boostrap/-/boostrap-2.0.0.tgz",
      "integrity": "sha512-JEeFMOweKeGXEM9rt95eaVISOkluG9aKcl0jQCETOVH9jynCZxuBZe2oWgcWJpj5wqYWZl625SnW7OgHT2Ineg==",
      "deprecated": "Package no longer supported. Contact support@npmjs.com for more info."
    },
    "node_modules/git": {
      "version": "0.1.5",
      "resolved": "https://registry.npmjs.org/git/-/git-0.1.5.tgz",
      "integrity": "sha1-nvYt+T+FHCdUIUO/UtHGixAXyhU=",
      "dependencies": {
        "mime": "1.2.9"
      },
      "engines": {
        "node": ">=0.4.0"
      }
    },
    "node_modules/lodash": {
      "version": "4.17.21",
      "resolved": "https://registry.npmjs.org/lodash/-/lodash-4.17.21.tgz",
      "integrity": "sha512-v2kDEe57lecTulaDIuNTPy3Ry4gLGJ6Z1O3vE1krgXZNrsQ+LFTGHVxVjcXPs17LhbZVGedAJv8XZ1tvj5FvSg=="
    },
    "node_modules/mime": {
      "version": "1.2.9",
      "resolved": "https://registry.npmjs.org/mime/-/mime-1.2.9.tgz",
      "integrity": "sha1-AJzUCGe9Nd5SGzuWbwTi+NTRPQk="
    }
  },
  "dependencies": {
    "boostrap": {
      "version": "2.0.0",
      "resolved": "https://registry.npmjs.org/boostrap/-/boostrap-2.0.0.tgz",
      "integrity": "sha512-JEeFMOweKeGXEM9rt95eaVISOkluG9aKcl0jQCETOVH9jynCZxuBZe2oWgcWJpj5wqYWZl625SnW7OgHT2Ineg=="
    },
    "git": {
      "version": "0.1.5",
      "resolved": "https://registry.npmjs.org/git/-/git-0.1.5.tgz",
      "integrity": "sha1-nvYt+T+FHCdUIUO/UtHGixAXyhU=",
      "requires": {
        "mime": "1.2.9"
      }
    },
    "lodash": {
      "version": "4.17.21",
      "resolved": "https://registry.npmjs.org/lodash/-/lodash-4.17.21.tgz",
      "integrity": "sha512-v2kDEe57lecTulaDIuNTPy3Ry4gLGJ6Z1O3vE1krgXZNrsQ+LFTGHVxVjcXPs17LhbZVGedAJv8XZ1tvj5FvSg=="
    },
    "mime": {
      "version": "1.2.9",
      "resolved": "https://registry.npmjs.org/mime/-/mime-1.2.9.tgz",
      "integrity": "sha1-AJzUCGe9Nd5SGzuWbwTi+NTRPQk="
    }
  }
}
